
Microsoft Visual Studio Solution File, Format Version 12.00
# Visual Studio 15
Project("{FAE04EC0-301F-11D3-BF4B-00C04F79EFBC}") = "ComboBoxCrash.Android", "ComboBoxCrash.Android\ComboBoxCrash.Android.csproj", "{AF9AC8C8-4081-4242-A221-AF64B93E499E}"
EndProject
Project("{FAE04EC0-301F-11D3-BF4B-00C04F79EFBC}") = "ComboBoxCrash", "ComboBoxCrash\ComboBoxCrash.csproj", "{53F9ECD3-4C00-4E20-8D9D-0BA5AA3A702E}"
EndProject
Global
	GlobalSection(SolutionConfigurationPlatforms) = preSolution
		Debug|Any CPU = Debug|Any CPU
		Release|Any CPU = Release|Any CPU
	EndGlobalSection
	GlobalSection(ProjectConfigurationPlatforms) = postSolution
		{AF9AC8C8-4081-4242-A221-AF64B93E499E}.Debug|Any CPU.ActiveCfg = Debug|Any CPU
		{AF9AC8C8-4081-4242-A221-AF64B93E499E}.Debug|Any CPU.Build.0 = Debug|Any CPU
		{AF9AC8C8-4081-4242-A221-AF64B93E499E}.Release|Any CPU.ActiveCfg = Release|Any CPU
		{AF9AC8C8-4081-4242-A221-AF64B93E499E}.Release|Any CPU.Build.0 = Release|Any CPU
		{53F9ECD3-4C00-4E20-8D9D-0BA5AA3A702E}.Debug|Any CPU.ActiveCfg = Debug|Any CPU
		{53F9ECD3-4C00-4E20-8D9D-0BA5AA3A702E}.Debug|Any CPU.Build.0 = Debug|Any CPU
		{53F9ECD3-4C00-4E20-8D9D-0BA5AA3A702E}.Release|Any CPU.ActiveCfg = Release|Any CPU
		{53F9ECD3-4C00-4E20-8D9D-0BA5AA3A702E}.Release|Any CPU.Build.0 = Release|Any CPU
	EndGlobalSection
EndGlobal
